
Microsoft Visual Studio Solution File, Format Version 12.00
# Visual Studio Version 17
VisualStudioVersion = 17.11.35327.3
MinimumVisualStudioVersion = 10.0.40219.1
Project("{E24C65DC-7377-472B-9ABA-BC803B73C61A}") = "Dulceria", ".", "{99408321-0ABD-480E-8C4A-23B6B56B1938}"
	ProjectSection(WebsiteProperties) = preProject
		TargetFrameworkMoniker = ".NETFramework,Version%3Dv4.8"
		Debug.AspNetCompiler.VirtualPath = "/localhost_50730"
		Debug.AspNetCompiler.PhysicalPath = "..\Dulceria\"
		Debug.AspNetCompiler.TargetPath = "PrecompiledWeb\localhost_50730\"
		Debug.AspNetCompiler.Updateable = "true"
		Debug.AspNetCompiler.ForceOverwrite = "true"
		Debug.AspNetCompiler.FixedNames = "false"
		Debug.AspNetCompiler.Debug = "True"
		Release.AspNetCompiler.VirtualPath = "/localhost_50730"
		Release.AspNetCompiler.PhysicalPath = "..\Dulceria\"
		Release.AspNetCompiler.TargetPath = "PrecompiledWeb\localhost_50730\"
		Release.AspNetCompiler.Updateable = "true"
		Release.AspNetCompiler.ForceOverwrite = "true"
		Release.AspNetCompiler.FixedNames = "false"
		Release.AspNetCompiler.Debug = "False"
		VWDPort = "50730"
		SlnRelativePath = "..\Dulceria\"
		DefaultWebSiteLanguage = "Visual C#"
	EndProjectSection
EndProject
Global
	GlobalSection(SolutionConfigurationPlatforms) = preSolution
		Debug|Any CPU = Debug|Any CPU
	EndGlobalSection
	GlobalSection(ProjectConfigurationPlatforms) = postSolution
		{99408321-0ABD-480E-8C4A-23B6B56B1938}.Debug|Any CPU.ActiveCfg = Debug|Any CPU
		{99408321-0ABD-480E-8C4A-23B6B56B1938}.Debug|Any CPU.Build.0 = Debug|Any CPU
	EndGlobalSection
	GlobalSection(SolutionProperties) = preSolution
		HideSolutionNode = FALSE
	EndGlobalSection
	GlobalSection(ExtensibilityGlobals) = postSolution
		SolutionGuid = {5B7AAD70-6D74-4715-9928-3D89C64E6CE7}
	EndGlobalSection
EndGlobal
